
Microsoft Visual Studio Solution File, Format Version 12.00
# Visual Studio Version 17
VisualStudioVersion = 17.6.33723.286
MinimumVisualStudioVersion = 10.0.40219.1
Project("{9A19103F-16F7-4668-BE54-9A1E7A4F7556}") = "eCommerceApplication", "eCommerceApplication.csproj", "{922B728C-949C-40D7-AD2E-BFB7BEA76CFC}"
EndProject
Project("{9A19103F-16F7-4668-BE54-9A1E7A4F7556}") = "eCommerce_API", "..\eCommerce_API\eCommerce_API.csproj", "{4E486FE7-89D3-4693-92FD-F95B5C986BCC}"
EndProject
Global
	GlobalSection(SolutionConfigurationPlatforms) = preSolution
		Debug|Any CPU = Debug|Any CPU
		Release|Any CPU = Release|Any CPU
	EndGlobalSection
	GlobalSection(ProjectConfigurationPlatforms) = postSolution
		{922B728C-949C-40D7-AD2E-BFB7BEA76CFC}.Debug|Any CPU.ActiveCfg = Debug|Any CPU
		{922B728C-949C-40D7-AD2E-BFB7BEA76CFC}.Debug|Any CPU.Build.0 = Debug|Any CPU
		{922B728C-949C-40D7-AD2E-BFB7BEA76CFC}.Release|Any CPU.ActiveCfg = Release|Any CPU
		{922B728C-949C-40D7-AD2E-BFB7BEA76CFC}.Release|Any CPU.Build.0 = Release|Any CPU
		{4E486FE7-89D3-4693-92FD-F95B5C986BCC}.Debug|Any CPU.ActiveCfg = Debug|Any CPU
		{4E486FE7-89D3-4693-92FD-F95B5C986BCC}.Debug|Any CPU.Build.0 = Debug|Any CPU
		{4E486FE7-89D3-4693-92FD-F95B5C986BCC}.Release|Any CPU.ActiveCfg = Release|Any CPU
		{4E486FE7-89D3-4693-92FD-F95B5C986BCC}.Release|Any CPU.Build.0 = Release|Any CPU
	EndGlobalSection
	GlobalSection(SolutionProperties) = preSolution
		HideSolutionNode = FALSE
	EndGlobalSection
	GlobalSection(ExtensibilityGlobals) = postSolution
		SolutionGuid = {AFB77DD0-078C-4E82-A110-C5CF0A3E9E83}
	EndGlobalSection
EndGlobal
